
Microsoft Visual Studio Solution File, Format Version 12.00
# Visual Studio Version 16
VisualStudioVersion = 16.0.30524.135
MinimumVisualStudioVersion = 10.0.40219.1
Project("{9A19103F-16F7-4668-BE54-9A1E7A4F7556}") = "cManager", "cManager\cManager.csproj", "{F5C91447-14DE-4D07-9759-553AD56F23DB}"
EndProject
Project("{9A19103F-16F7-4668-BE54-9A1E7A4F7556}") = "cManager.Shared", "cManager.Shared\cManager.Shared.csproj", "{48B2FF2D-EE04-44AB-B809-E3EB0B1FF7FD}"
EndProject
Global
	GlobalSection(SolutionConfigurationPlatforms) = preSolution
		Debug|Any CPU = Debug|Any CPU
		Release|Any CPU = Release|Any CPU
	EndGlobalSection
	GlobalSection(ProjectConfigurationPlatforms) = postSolution
		{F5C91447-14DE-4D07-9759-553AD56F23DB}.Debug|Any CPU.ActiveCfg = Debug|Any CPU
		{F5C91447-14DE-4D07-9759-553AD56F23DB}.Debug|Any CPU.Build.0 = Debug|Any CPU
		{F5C91447-14DE-4D07-9759-553AD56F23DB}.Release|Any CPU.ActiveCfg = Release|Any CPU
		{F5C91447-14DE-4D07-9759-553AD56F23DB}.Release|Any CPU.Build.0 = Release|Any CPU
		{48B2FF2D-EE04-44AB-B809-E3EB0B1FF7FD}.Debug|Any CPU.ActiveCfg = Debug|Any CPU
		{48B2FF2D-EE04-44AB-B809-E3EB0B1FF7FD}.Debug|Any CPU.Build.0 = Debug|Any CPU
		{48B2FF2D-EE04-44AB-B809-E3EB0B1FF7FD}.Release|Any CPU.ActiveCfg = Release|Any CPU
		{48B2FF2D-EE04-44AB-B809-E3EB0B1FF7FD}.Release|Any CPU.Build.0 = Release|Any CPU
	EndGlobalSection
	GlobalSection(SolutionProperties) = preSolution
		HideSolutionNode = FALSE
	EndGlobalSection
	GlobalSection(ExtensibilityGlobals) = postSolution
		SolutionGuid = {66E43C46-392F-47AC-BDA0-725AAF855862}
	EndGlobalSection
EndGlobal
